// !$*UTF8*$!
{
	archiveVersion = 1;
	classes = {
	};
	objectVersion = 56;
	objects = {

/* Begin PBXBuildFile section */
		6673C63228EE26F1008C053B /* SkillView.swift in Sources */ = {isa = PBXBuildFile; fileRef = 6673C63128EE26F1008C053B /* SkillView.swift */; };
		6673C63728EE2B66008C053B /* CircularProfile.swift in Sources */ = {isa = PBXBuildFile; fileRef = 6673C63628EE2B66008C053B /* CircularProfile.swift */; };
		66BEB9F828EE0E8A0091DB3F /* ArtUApp.swift in Sources */ = {isa = PBXBuildFile; fileRef = 66BEB9F728EE0E8A0091DB3F /* ArtUApp.swift */; };
		66BEB9FA28EE0E8A0091DB3F /* LoginView.swift in Sources */ = {isa = PBXBuildFile; fileRef = 66BEB9F928EE0E8A0091DB3F /* LoginView.swift */; };
		66BEB9FC28EE0E8F0091DB3F /* Assets.xcassets in Resources */ = {isa = PBXBuildFile; fileRef = 66BEB9FB28EE0E8F0091DB3F /* Assets.xcassets */; };
		66BEB9FF28EE0E8F0091DB3F /* Preview Assets.xcassets in Resources */ = {isa = PBXBuildFile; fileRef = 66BEB9FE28EE0E8F0091DB3F /* Preview Assets.xcassets */; };
		66BEBA0C28EE14880091DB3F /* User.swift in Sources */ = {isa = PBXBuildFile; fileRef = 66BEBA0B28EE14880091DB3F /* User.swift */; };
		66DC14E4292BEC2A00293BF4 /* GalleryView.swift in Sources */ = {isa = PBXBuildFile; fileRef = 66DC14E3292BEC2A00293BF4 /* GalleryView.swift */; };
		66DC14E6292BEC3C00293BF4 /* ExpressionsView.swift in Sources */ = {isa = PBXBuildFile; fileRef = 66DC14E5292BEC3C00293BF4 /* ExpressionsView.swift */; };
		66DC14E8292BF14400293BF4 /* MenuBarView.swift in Sources */ = {isa = PBXBuildFile; fileRef = 66DC14E7292BF14400293BF4 /* MenuBarView.swift */; };
		66DC14EA292BF70D00293BF4 /* SettingsView.swift in Sources */ = {isa = PBXBuildFile; fileRef = 66DC14E9292BF70D00293BF4 /* SettingsView.swift */; };
		D6273CFC29071B76000C6684 /* LoginUser.swift in Sources */ = {isa = PBXBuildFile; fileRef = D6273CFB29071B76000C6684 /* LoginUser.swift */; };
		D6273CFE29071BF5000C6684 /* ProfileView.swift in Sources */ = {isa = PBXBuildFile; fileRef = D6273CFD29071BF5000C6684 /* ProfileView.swift */; };
		D6273D0029071C0A000C6684 /* SigninView.swift in Sources */ = {isa = PBXBuildFile; fileRef = D6273CFF29071C0A000C6684 /* SigninView.swift */; };
		D6BD00BA29099E9300CF2AF7 /* ShortTextField.swift in Sources */ = {isa = PBXBuildFile; fileRef = D6BD00B929099E9300CF2AF7 /* ShortTextField.swift */; };
		D6DC2E2929082B99000EB504 /* RegisterView.swift in Sources */ = {isa = PBXBuildFile; fileRef = D6DC2E2829082B99000EB504 /* RegisterView.swift */; };
		D6DC2E2B29082C96000EB504 /* RegisterUser.swift in Sources */ = {isa = PBXBuildFile; fileRef = D6DC2E2A29082C96000EB504 /* RegisterUser.swift */; };
		D6DC2E2F29082D7B000EB504 /* SigninViewController.swift in Sources */ = {isa = PBXBuildFile; fileRef = D6DC2E2E29082D7B000EB504 /* SigninViewController.swift */; };
		D6DC2E3129083AA6000EB504 /* VisualEffectView.swift in Sources */ = {isa = PBXBuildFile; fileRef = D6DC2E3029083AA6000EB504 /* VisualEffectView.swift */; };
		D6DC2E3329083AD7000EB504 /* LoaderView.swift in Sources */ = {isa = PBXBuildFile; fileRef = D6DC2E3229083AD7000EB504 /* LoaderView.swift */; };
		D93F1A36292068BB005E141E /* DropdownOption.swift in Sources */ = {isa = PBXBuildFile; fileRef = D93F1A35292068BB005E141E /* DropdownOption.swift */; };
		D93F1A38292068FF005E141E /* DropdownSelector.swift in Sources */ = {isa = PBXBuildFile; fileRef = D93F1A37292068FF005E141E /* DropdownSelector.swift */; };
		D93F1A3A2920692F005E141E /* DropdownRow.swift in Sources */ = {isa = PBXBuildFile; fileRef = D93F1A392920692F005E141E /* DropdownRow.swift */; };
		D93F1A3C29206954005E141E /* Dropdown.swift in Sources */ = {isa = PBXBuildFile; fileRef = D93F1A3B29206953005E141E /* Dropdown.swift */; };
		D952DAEC29161CF20053F013 /* ModuleButtonStyle.swift in Sources */ = {isa = PBXBuildFile; fileRef = D952DAEB29161CF20053F013 /* ModuleButtonStyle.swift */; };
		D952DAEE29161D020053F013 /* LessonButtonStyle.swift in Sources */ = {isa = PBXBuildFile; fileRef = D952DAED29161D020053F013 /* LessonButtonStyle.swift */; };
		D952DAF02919B8710053F013 /* ImageView.swift in Sources */ = {isa = PBXBuildFile; fileRef = D952DAEF2919B8710053F013 /* ImageView.swift */; };
		D952DAF22919E8E60053F013 /* Category.swift in Sources */ = {isa = PBXBuildFile; fileRef = D952DAF12919E8E60053F013 /* Category.swift */; };
		D952DAF42919E8FE0053F013 /* Subcategory.swift in Sources */ = {isa = PBXBuildFile; fileRef = D952DAF32919E8FE0053F013 /* Subcategory.swift */; };
		D952DAF62919EDB60053F013 /* BackgroundImageView.swift in Sources */ = {isa = PBXBuildFile; fileRef = D952DAF52919EDB60053F013 /* BackgroundImageView.swift */; };
		D99E801128FDF88F00B5714E /* VideoView.swift in Sources */ = {isa = PBXBuildFile; fileRef = D99E801028FDF88F00B5714E /* VideoView.swift */; };
		D9B1472028F467A700CF2389 /* LaunchScreen.storyboard in Resources */ = {isa = PBXBuildFile; fileRef = D9B1471F28F467A700CF2389 /* LaunchScreen.storyboard */; };
		D9C1FD7C2922BDC3008EEE29 /* CachedImageManager.swift in Sources */ = {isa = PBXBuildFile; fileRef = D9C1FD7B2922BDC3008EEE29 /* CachedImageManager.swift */; };
		D9C1FD7E2922BDD6008EEE29 /* Camera.swift in Sources */ = {isa = PBXBuildFile; fileRef = D9C1FD7D2922BDD6008EEE29 /* Camera.swift */; };
		D9C1FD802922BDE0008EEE29 /* CameraView.swift in Sources */ = {isa = PBXBuildFile; fileRef = D9C1FD7F2922BDE0008EEE29 /* CameraView.swift */; };
		D9C1FD822922BDE9008EEE29 /* DataModel.swift in Sources */ = {isa = PBXBuildFile; fileRef = D9C1FD812922BDE9008EEE29 /* DataModel.swift */; };
		D9C1FD842922BDF3008EEE29 /* PhotoAsset.swift in Sources */ = {isa = PBXBuildFile; fileRef = D9C1FD832922BDF3008EEE29 /* PhotoAsset.swift */; };
		D9C1FD862922BDFE008EEE29 /* PhotoAssetCollection.swift in Sources */ = {isa = PBXBuildFile; fileRef = D9C1FD852922BDFE008EEE29 /* PhotoAssetCollection.swift */; };
		D9C1FD882922BE19008EEE29 /* PhotoCollection.swift in Sources */ = {isa = PBXBuildFile; fileRef = D9C1FD872922BE19008EEE29 /* PhotoCollection.swift */; };
		D9C1FD8A2922BE24008EEE29 /* PhotoCollectionView.swift in Sources */ = {isa = PBXBuildFile; fileRef = D9C1FD892922BE24008EEE29 /* PhotoCollectionView.swift */; };
		D9C1FD8C2922BE8D008EEE29 /* PhotoItemView.swift in Sources */ = {isa = PBXBuildFile; fileRef = D9C1FD8B2922BE8D008EEE29 /* PhotoItemView.swift */; };
		D9C1FD8E2922BE97008EEE29 /* PhotoLibrary.swift in Sources */ = {isa = PBXBuildFile; fileRef = D9C1FD8D2922BE97008EEE29 /* PhotoLibrary.swift */; };
		D9C1FD902922BEA1008EEE29 /* PhotoView.swift in Sources */ = {isa = PBXBuildFile; fileRef = D9C1FD8F2922BEA1008EEE29 /* PhotoView.swift */; };
		D9C1FD922922BEB1008EEE29 /* ThumbnailView.swift in Sources */ = {isa = PBXBuildFile; fileRef = D9C1FD912922BEB1008EEE29 /* ThumbnailView.swift */; };
		D9C1FD942922BEE9008EEE29 /* ViewfinderView.swift in Sources */ = {isa = PBXBuildFile; fileRef = D9C1FD932922BEE9008EEE29 /* ViewfinderView.swift */; };
		D9D3E811290CE848009791B6 /* AppNavBarView.swift in Sources */ = {isa = PBXBuildFile; fileRef = D9D3E810290CE848009791B6 /* AppNavBarView.swift */; };
		D9D3E813290CEA14009791B6 /* CustomNavView.swift in Sources */ = {isa = PBXBuildFile; fileRef = D9D3E812290CEA14009791B6 /* CustomNavView.swift */; };
		D9D3E815290CEAD7009791B6 /* CustomNavBarContainerView.swift in Sources */ = {isa = PBXBuildFile; fileRef = D9D3E814290CEAD7009791B6 /* CustomNavBarContainerView.swift */; };
		D9D3E817290CECE2009791B6 /* CustomNavBarView.swift in Sources */ = {isa = PBXBuildFile; fileRef = D9D3E816290CECE2009791B6 /* CustomNavBarView.swift */; };
		D9D3E819290CEFD1009791B6 /* CustomNavLink.swift in Sources */ = {isa = PBXBuildFile; fileRef = D9D3E818290CEFD1009791B6 /* CustomNavLink.swift */; };
		D9D3E81B290CEFE0009791B6 /* CustomNavBarPreferenceKeys.swift in Sources */ = {isa = PBXBuildFile; fileRef = D9D3E81A290CEFE0009791B6 /* CustomNavBarPreferenceKeys.swift */; };
		D9E2AD0628F51E6D008E51CB /* LaunchView.swift in Sources */ = {isa = PBXBuildFile; fileRef = D9E2AD0528F51E6D008E51CB /* LaunchView.swift */; };
		D9FF85B328F47AEB00D11376 /* LessonView.swift in Sources */ = {isa = PBXBuildFile; fileRef = D9FF85B228F47AEB00D11376 /* LessonView.swift */; };
/* End PBXBuildFile section */

/* Begin PBXFileReference section */
		6673C63128EE26F1008C053B /* SkillView.swift */ = {isa = PBXFileReference; lastKnownFileType = sourcecode.swift; path = SkillView.swift; sourceTree = "<group>"; };
		6673C63628EE2B66008C053B /* CircularProfile.swift */ = {isa = PBXFileReference; lastKnownFileType = sourcecode.swift; path = CircularProfile.swift; sourceTree = "<group>"; };
		66BEB9F428EE0E8A0091DB3F /* ArtU.app */ = {isa = PBXFileReference; explicitFileType = wrapper.application; includeInIndex = 0; path = ArtU.app; sourceTree = BUILT_PRODUCTS_DIR; };
		66BEB9F728EE0E8A0091DB3F /* ArtUApp.swift */ = {isa = PBXFileReference; lastKnownFileType = sourcecode.swift; path = ArtUApp.swift; sourceTree = "<group>"; };
		66BEB9F928EE0E8A0091DB3F /* LoginView.swift */ = {isa = PBXFileReference; lastKnownFileType = sourcecode.swift; path = LoginView.swift; sourceTree = "<group>"; };
		66BEB9FB28EE0E8F0091DB3F /* Assets.xcassets */ = {isa = PBXFileReference; lastKnownFileType = folder.assetcatalog; path = Assets.xcassets; sourceTree = "<group>"; };
		66BEB9FE28EE0E8F0091DB3F /* Preview Assets.xcassets */ = {isa = PBXFileReference; lastKnownFileType = folder.assetcatalog; path = "Preview Assets.xcassets"; sourceTree = "<group>"; };
		66BEBA0B28EE14880091DB3F /* User.swift */ = {isa = PBXFileReference; lastKnownFileType = sourcecode.swift; path = User.swift; sourceTree = "<group>"; };
		66DC14E3292BEC2A00293BF4 /* GalleryView.swift */ = {isa = PBXFileReference; lastKnownFileType = sourcecode.swift; path = GalleryView.swift; sourceTree = "<group>"; };
		66DC14E5292BEC3C00293BF4 /* ExpressionsView.swift */ = {isa = PBXFileReference; lastKnownFileType = sourcecode.swift; path = ExpressionsView.swift; sourceTree = "<group>"; };
		66DC14E7292BF14400293BF4 /* MenuBarView.swift */ = {isa = PBXFileReference; lastKnownFileType = sourcecode.swift; path = MenuBarView.swift; sourceTree = "<group>"; };
		66DC14E9292BF70D00293BF4 /* SettingsView.swift */ = {isa = PBXFileReference; lastKnownFileType = sourcecode.swift; path = SettingsView.swift; sourceTree = "<group>"; };
		D6273CFB29071B76000C6684 /* LoginUser.swift */ = {isa = PBXFileReference; lastKnownFileType = sourcecode.swift; path = LoginUser.swift; sourceTree = "<group>"; };
		D6273CFD29071BF5000C6684 /* ProfileView.swift */ = {isa = PBXFileReference; lastKnownFileType = sourcecode.swift; path = ProfileView.swift; sourceTree = "<group>"; };
		D6273CFF29071C0A000C6684 /* SigninView.swift */ = {isa = PBXFileReference; lastKnownFileType = sourcecode.swift; path = SigninView.swift; sourceTree = "<group>"; };
		D6BD00B929099E9300CF2AF7 /* ShortTextField.swift */ = {isa = PBXFileReference; lastKnownFileType = sourcecode.swift; path = ShortTextField.swift; sourceTree = "<group>"; };
		D6DC2E2829082B99000EB504 /* RegisterView.swift */ = {isa = PBXFileReference; lastKnownFileType = sourcecode.swift; path = RegisterView.swift; sourceTree = "<group>"; };
		D6DC2E2A29082C96000EB504 /* RegisterUser.swift */ = {isa = PBXFileReference; lastKnownFileType = sourcecode.swift; path = RegisterUser.swift; sourceTree = "<group>"; };
		D6DC2E2E29082D7B000EB504 /* SigninViewController.swift */ = {isa = PBXFileReference; lastKnownFileType = sourcecode.swift; path = SigninViewController.swift; sourceTree = "<group>"; };
		D6DC2E3029083AA6000EB504 /* VisualEffectView.swift */ = {isa = PBXFileReference; lastKnownFileType = sourcecode.swift; path = VisualEffectView.swift; sourceTree = "<group>"; };
		D6DC2E3229083AD7000EB504 /* LoaderView.swift */ = {isa = PBXFileReference; lastKnownFileType = sourcecode.swift; path = LoaderView.swift; sourceTree = "<group>"; };
		D93F1A35292068BB005E141E /* DropdownOption.swift */ = {isa = PBXFileReference; lastKnownFileType = sourcecode.swift; path = DropdownOption.swift; sourceTree = "<group>"; };
		D93F1A37292068FF005E141E /* DropdownSelector.swift */ = {isa = PBXFileReference; lastKnownFileType = sourcecode.swift; path = DropdownSelector.swift; sourceTree = "<group>"; };
		D93F1A392920692F005E141E /* DropdownRow.swift */ = {isa = PBXFileReference; lastKnownFileType = sourcecode.swift; path = DropdownRow.swift; sourceTree = "<group>"; };
		D93F1A3B29206953005E141E /* Dropdown.swift */ = {isa = PBXFileReference; lastKnownFileType = sourcecode.swift; path = Dropdown.swift; sourceTree = "<group>"; };
		D952DAEB29161CF20053F013 /* ModuleButtonStyle.swift */ = {isa = PBXFileReference; lastKnownFileType = sourcecode.swift; path = ModuleButtonStyle.swift; sourceTree = "<group>"; };
		D952DAED29161D020053F013 /* LessonButtonStyle.swift */ = {isa = PBXFileReference; lastKnownFileType = sourcecode.swift; path = LessonButtonStyle.swift; sourceTree = "<group>"; };
		D952DAEF2919B8710053F013 /* ImageView.swift */ = {isa = PBXFileReference; lastKnownFileType = sourcecode.swift; path = ImageView.swift; sourceTree = "<group>"; };
		D952DAF12919E8E60053F013 /* Category.swift */ = {isa = PBXFileReference; lastKnownFileType = sourcecode.swift; path = Category.swift; sourceTree = "<group>"; };
		D952DAF32919E8FE0053F013 /* Subcategory.swift */ = {isa = PBXFileReference; lastKnownFileType = sourcecode.swift; path = Subcategory.swift; sourceTree = "<group>"; };
		D952DAF52919EDB60053F013 /* BackgroundImageView.swift */ = {isa = PBXFileReference; lastKnownFileType = sourcecode.swift; path = BackgroundImageView.swift; sourceTree = "<group>"; };
		D99E801028FDF88F00B5714E /* VideoView.swift */ = {isa = PBXFileReference; lastKnownFileType = sourcecode.swift; path = VideoView.swift; sourceTree = "<group>"; };
		D9B1471F28F467A700CF2389 /* LaunchScreen.storyboard */ = {isa = PBXFileReference; lastKnownFileType = file.storyboard; path = LaunchScreen.storyboard; sourceTree = "<group>"; };
		D9C1FD7B2922BDC3008EEE29 /* CachedImageManager.swift */ = {isa = PBXFileReference; lastKnownFileType = sourcecode.swift; path = CachedImageManager.swift; sourceTree = "<group>"; };
		D9C1FD7D2922BDD6008EEE29 /* Camera.swift */ = {isa = PBXFileReference; lastKnownFileType = sourcecode.swift; path = Camera.swift; sourceTree = "<group>"; };
		D9C1FD7F2922BDE0008EEE29 /* CameraView.swift */ = {isa = PBXFileReference; lastKnownFileType = sourcecode.swift; path = CameraView.swift; sourceTree = "<group>"; };
		D9C1FD812922BDE9008EEE29 /* DataModel.swift */ = {isa = PBXFileReference; lastKnownFileType = sourcecode.swift; path = DataModel.swift; sourceTree = "<group>"; };
		D9C1FD832922BDF3008EEE29 /* PhotoAsset.swift */ = {isa = PBXFileReference; lastKnownFileType = sourcecode.swift; path = PhotoAsset.swift; sourceTree = "<group>"; };
		D9C1FD852922BDFE008EEE29 /* PhotoAssetCollection.swift */ = {isa = PBXFileReference; lastKnownFileType = sourcecode.swift; path = PhotoAssetCollection.swift; sourceTree = "<group>"; };
		D9C1FD872922BE19008EEE29 /* PhotoCollection.swift */ = {isa = PBXFileReference; lastKnownFileType = sourcecode.swift; path = PhotoCollection.swift; sourceTree = "<group>"; };
		D9C1FD892922BE24008EEE29 /* PhotoCollectionView.swift */ = {isa = PBXFileReference; lastKnownFileType = sourcecode.swift; path = PhotoCollectionView.swift; sourceTree = "<group>"; };
		D9C1FD8B2922BE8D008EEE29 /* PhotoItemView.swift */ = {isa = PBXFileReference; lastKnownFileType = sourcecode.swift; path = PhotoItemView.swift; sourceTree = "<group>"; };
		D9C1FD8D2922BE97008EEE29 /* PhotoLibrary.swift */ = {isa = PBXFileReference; lastKnownFileType = sourcecode.swift; path = PhotoLibrary.swift; sourceTree = "<group>"; };
		D9C1FD8F2922BEA1008EEE29 /* PhotoView.swift */ = {isa = PBXFileReference; lastKnownFileType = sourcecode.swift; path = PhotoView.swift; sourceTree = "<group>"; };
		D9C1FD912922BEB1008EEE29 /* ThumbnailView.swift */ = {isa = PBXFileReference; lastKnownFileType = sourcecode.swift; path = ThumbnailView.swift; sourceTree = "<group>"; };
		D9C1FD932922BEE9008EEE29 /* ViewfinderView.swift */ = {isa = PBXFileReference; lastKnownFileType = sourcecode.swift; path = ViewfinderView.swift; sourceTree = "<group>"; };
		D9D3E810290CE848009791B6 /* AppNavBarView.swift */ = {isa = PBXFileReference; lastKnownFileType = sourcecode.swift; path = AppNavBarView.swift; sourceTree = "<group>"; };
		D9D3E812290CEA14009791B6 /* CustomNavView.swift */ = {isa = PBXFileReference; lastKnownFileType = sourcecode.swift; path = CustomNavView.swift; sourceTree = "<group>"; };
		D9D3E814290CEAD7009791B6 /* CustomNavBarContainerView.swift */ = {isa = PBXFileReference; lastKnownFileType = sourcecode.swift; path = CustomNavBarContainerView.swift; sourceTree = "<group>"; };
		D9D3E816290CECE2009791B6 /* CustomNavBarView.swift */ = {isa = PBXFileReference; lastKnownFileType = sourcecode.swift; path = CustomNavBarView.swift; sourceTree = "<group>"; };
		D9D3E818290CEFD1009791B6 /* CustomNavLink.swift */ = {isa = PBXFileReference; lastKnownFileType = sourcecode.swift; path = CustomNavLink.swift; sourceTree = "<group>"; };
		D9D3E81A290CEFE0009791B6 /* CustomNavBarPreferenceKeys.swift */ = {isa = PBXFileReference; lastKnownFileType = sourcecode.swift; path = CustomNavBarPreferenceKeys.swift; sourceTree = "<group>"; };
		D9E2AD0528F51E6D008E51CB /* LaunchView.swift */ = {isa = PBXFileReference; lastKnownFileType = sourcecode.swift; path = LaunchView.swift; sourceTree = "<group>"; };
		D9FF85B228F47AEB00D11376 /* LessonView.swift */ = {isa = PBXFileReference; lastKnownFileType = sourcecode.swift; path = LessonView.swift; sourceTree = "<group>"; };
/* End PBXFileReference section */

/* Begin PBXFrameworksBuildPhase section */
		66BEB9F128EE0E8A0091DB3F /* Frameworks */ = {
			isa = PBXFrameworksBuildPhase;
			buildActionMask = 2147483647;
			files = (
			);
			runOnlyForDeploymentPostprocessing = 0;
		};
/* End PBXFrameworksBuildPhase section */

/* Begin PBXGroup section */
		6673C63328EE2AFD008C053B /* Components */ = {
			isa = PBXGroup;
			children = (
				D9D3E818290CEFD1009791B6 /* CustomNavLink.swift */,
				6673C63628EE2B66008C053B /* CircularProfile.swift */,
				D6DC2E3029083AA6000EB504 /* VisualEffectView.swift */,
				D6DC2E3229083AD7000EB504 /* LoaderView.swift */,
				D6BD00B929099E9300CF2AF7 /* ShortTextField.swift */,
			);
			path = Components;
			sourceTree = "<group>";
		};
		66BEB9EB28EE0E8A0091DB3F = {
			isa = PBXGroup;
			children = (
				66BEB9F628EE0E8A0091DB3F /* ArtU */,
				66BEB9F528EE0E8A0091DB3F /* Products */,
			);
			sourceTree = "<group>";
		};
		66BEB9F528EE0E8A0091DB3F /* Products */ = {
			isa = PBXGroup;
			children = (
				66BEB9F428EE0E8A0091DB3F /* ArtU.app */,
			);
			name = Products;
			sourceTree = "<group>";
		};
		66BEB9F628EE0E8A0091DB3F /* ArtU */ = {
			isa = PBXGroup;
			children = (
				66BEB9F728EE0E8A0091DB3F /* ArtUApp.swift */,
				D952DAEA29161CE20053F013 /* Styles */,
				D9D3E80D290CE7EB009791B6 /* Library */,
				6673C63328EE2AFD008C053B /* Components */,
				66BEBA0728EE10740091DB3F /* Models */,
				66BEBA0628EE106C0091DB3F /* ViewControllers */,
				66BEBA0528EE105E0091DB3F /* Views */,
				66BEBA0828EE10A10091DB3F /* Resources */,
				66BEB9FD28EE0E8F0091DB3F /* Preview Content */,
				D9B1471F28F467A700CF2389 /* LaunchScreen.storyboard */,
			);
			path = ArtU;
			sourceTree = "<group>";
		};
		66BEB9FD28EE0E8F0091DB3F /* Preview Content */ = {
			isa = PBXGroup;
			children = (
				66BEB9FE28EE0E8F0091DB3F /* Preview Assets.xcassets */,
			);
			path = "Preview Content";
			sourceTree = "<group>";
		};
		66BEBA0528EE105E0091DB3F /* Views */ = {
			isa = PBXGroup;
			children = (
				66BEB9F928EE0E8A0091DB3F /* LoginView.swift */,
				66DC14E7292BF14400293BF4 /* MenuBarView.swift */,
				66DC14E5292BEC3C00293BF4 /* ExpressionsView.swift */,
				66DC14E3292BEC2A00293BF4 /* GalleryView.swift */,
				6673C63128EE26F1008C053B /* SkillView.swift */,
				D9FF85B228F47AEB00D11376 /* LessonView.swift */,
				D9E2AD0528F51E6D008E51CB /* LaunchView.swift */,
				D99E801028FDF88F00B5714E /* VideoView.swift */,
				D6273CFD29071BF5000C6684 /* ProfileView.swift */,
				D6273CFF29071C0A000C6684 /* SigninView.swift */,
				D6DC2E2829082B99000EB504 /* RegisterView.swift */,
				D952DAEF2919B8710053F013 /* ImageView.swift */,
				D952DAF52919EDB60053F013 /* BackgroundImageView.swift */,
				D93F1A37292068FF005E141E /* DropdownSelector.swift */,
				D93F1A392920692F005E141E /* DropdownRow.swift */,
				D93F1A3B29206953005E141E /* Dropdown.swift */,
				D9C1FD7B2922BDC3008EEE29 /* CachedImageManager.swift */,
				D9C1FD7D2922BDD6008EEE29 /* Camera.swift */,
				D9C1FD7F2922BDE0008EEE29 /* CameraView.swift */,
				D9C1FD812922BDE9008EEE29 /* DataModel.swift */,
				D9C1FD832922BDF3008EEE29 /* PhotoAsset.swift */,
				D9C1FD852922BDFE008EEE29 /* PhotoAssetCollection.swift */,
				D9C1FD872922BE19008EEE29 /* PhotoCollection.swift */,
				D9C1FD892922BE24008EEE29 /* PhotoCollectionView.swift */,
				D9C1FD8B2922BE8D008EEE29 /* PhotoItemView.swift */,
				D9C1FD8D2922BE97008EEE29 /* PhotoLibrary.swift */,
				D9C1FD8F2922BEA1008EEE29 /* PhotoView.swift */,
				D9C1FD912922BEB1008EEE29 /* ThumbnailView.swift */,
				D9C1FD932922BEE9008EEE29 /* ViewfinderView.swift */,
				66DC14E9292BF70D00293BF4 /* SettingsView.swift */,
			);
			path = Views;
			sourceTree = "<group>";
		};
		66BEBA0628EE106C0091DB3F /* ViewControllers */ = {
			isa = PBXGroup;
			children = (
				D6DC2E2E29082D7B000EB504 /* SigninViewController.swift */,
			);
			path = ViewControllers;
			sourceTree = "<group>";
		};
		66BEBA0728EE10740091DB3F /* Models */ = {
			isa = PBXGroup;
			children = (
				66BEBA0B28EE14880091DB3F /* User.swift */,
				D6273CFB29071B76000C6684 /* LoginUser.swift */,
				D6DC2E2A29082C96000EB504 /* RegisterUser.swift */,
				D952DAF12919E8E60053F013 /* Category.swift */,
				D952DAF32919E8FE0053F013 /* Subcategory.swift */,
				D93F1A35292068BB005E141E /* DropdownOption.swift */,
			);
			path = Models;
			sourceTree = "<group>";
		};
		66BEBA0828EE10A10091DB3F /* Resources */ = {
			isa = PBXGroup;
			children = (
				66BEB9FB28EE0E8F0091DB3F /* Assets.xcassets */,
			);
			path = Resources;
			sourceTree = "<group>";
		};
		D952DAEA29161CE20053F013 /* Styles */ = {
			isa = PBXGroup;
			children = (
				D952DAEB29161CF20053F013 /* ModuleButtonStyle.swift */,
				D952DAED29161D020053F013 /* LessonButtonStyle.swift */,
			);
			path = Styles;
			sourceTree = "<group>";
		};
		D9D3E80D290CE7EB009791B6 /* Library */ = {
			isa = PBXGroup;
			children = (
				D9D3E810290CE848009791B6 /* AppNavBarView.swift */,
				D9D3E812290CEA14009791B6 /* CustomNavView.swift */,
				D9D3E814290CEAD7009791B6 /* CustomNavBarContainerView.swift */,
				D9D3E816290CECE2009791B6 /* CustomNavBarView.swift */,
				D9D3E81A290CEFE0009791B6 /* CustomNavBarPreferenceKeys.swift */,
			);
			path = Library;
			sourceTree = "<group>";
		};
/* End PBXGroup section */

/* Begin PBXNativeTarget section */
		66BEB9F328EE0E8A0091DB3F /* ArtU */ = {
			isa = PBXNativeTarget;
			buildConfigurationList = 66BEBA0228EE0E8F0091DB3F /* Build configuration list for PBXNativeTarget "ArtU" */;
			buildPhases = (
				66BEB9F028EE0E8A0091DB3F /* Sources */,
				66BEB9F128EE0E8A0091DB3F /* Frameworks */,
				66BEB9F228EE0E8A0091DB3F /* Resources */,
			);
			buildRules = (
			);
			dependencies = (
			);
			name = ArtU;
			productName = ArtU;
			productReference = 66BEB9F428EE0E8A0091DB3F /* ArtU.app */;
			productType = "com.apple.product-type.application";
		};
/* End PBXNativeTarget section */

/* Begin PBXProject section */
		66BEB9EC28EE0E8A0091DB3F /* Project object */ = {
			isa = PBXProject;
			attributes = {
				BuildIndependentTargetsInParallel = 1;
				LastSwiftUpdateCheck = 1400;
				LastUpgradeCheck = 1400;
				TargetAttributes = {
					66BEB9F328EE0E8A0091DB3F = {
						CreatedOnToolsVersion = 14.0.1;
					};
				};
			};
			buildConfigurationList = 66BEB9EF28EE0E8A0091DB3F /* Build configuration list for PBXProject "ArtU" */;
			compatibilityVersion = "Xcode 14.0";
			developmentRegion = en;
			hasScannedForEncodings = 0;
			knownRegions = (
				en,
				Base,
			);
			mainGroup = 66BEB9EB28EE0E8A0091DB3F;
			productRefGroup = 66BEB9F528EE0E8A0091DB3F /* Products */;
			projectDirPath = "";
			projectRoot = "";
			targets = (
				66BEB9F328EE0E8A0091DB3F /* ArtU */,
			);
		};
/* End PBXProject section */

/* Begin PBXResourcesBuildPhase section */
		66BEB9F228EE0E8A0091DB3F /* Resources */ = {
			isa = PBXResourcesBuildPhase;
			buildActionMask = 2147483647;
			files = (
				D9B1472028F467A700CF2389 /* LaunchScreen.storyboard in Resources */,
				66BEB9FF28EE0E8F0091DB3F /* Preview Assets.xcassets in Resources */,
				66BEB9FC28EE0E8F0091DB3F /* Assets.xcassets in Resources */,
			);
			runOnlyForDeploymentPostprocessing = 0;
		};
/* End PBXResourcesBuildPhase section */

/* Begin PBXSourcesBuildPhase section */
		66BEB9F028EE0E8A0091DB3F /* Sources */ = {
			isa = PBXSourcesBuildPhase;
			buildActionMask = 2147483647;
			files = (
				D9D3E811290CE848009791B6 /* AppNavBarView.swift in Sources */,
				D9FF85B328F47AEB00D11376 /* LessonView.swift in Sources */,
				D6DC2E2F29082D7B000EB504 /* SigninViewController.swift in Sources */,
				D9C1FD8E2922BE97008EEE29 /* PhotoLibrary.swift in Sources */,
				D9E2AD0628F51E6D008E51CB /* LaunchView.swift in Sources */,
				D9C1FD8C2922BE8D008EEE29 /* PhotoItemView.swift in Sources */,
				D9C1FD8A2922BE24008EEE29 /* PhotoCollectionView.swift in Sources */,
				66DC14E4292BEC2A00293BF4 /* GalleryView.swift in Sources */,
				D9C1FD822922BDE9008EEE29 /* DataModel.swift in Sources */,
				66DC14E8292BF14400293BF4 /* MenuBarView.swift in Sources */,
				D952DAF02919B8710053F013 /* ImageView.swift in Sources */,
				D93F1A3A2920692F005E141E /* DropdownRow.swift in Sources */,
				D6DC2E2929082B99000EB504 /* RegisterView.swift in Sources */,
				D6273D0029071C0A000C6684 /* SigninView.swift in Sources */,
				6673C63228EE26F1008C053B /* SkillView.swift in Sources */,
				66DC14EA292BF70D00293BF4 /* SettingsView.swift in Sources */,
				66BEBA0C28EE14880091DB3F /* User.swift in Sources */,
				D952DAF62919EDB60053F013 /* BackgroundImageView.swift in Sources */,
				D9D3E819290CEFD1009791B6 /* CustomNavLink.swift in Sources */,
				D9C1FD922922BEB1008EEE29 /* ThumbnailView.swift in Sources */,
				6673C63728EE2B66008C053B /* CircularProfile.swift in Sources */,
				D9C1FD802922BDE0008EEE29 /* CameraView.swift in Sources */,
				D6273CFC29071B76000C6684 /* LoginUser.swift in Sources */,
				66DC14E6292BEC3C00293BF4 /* ExpressionsView.swift in Sources */,
				D952DAF42919E8FE0053F013 /* Subcategory.swift in Sources */,
				D93F1A3C29206954005E141E /* Dropdown.swift in Sources */,
				D952DAEE29161D020053F013 /* LessonButtonStyle.swift in Sources */,
				D93F1A36292068BB005E141E /* DropdownOption.swift in Sources */,
				D9D3E81B290CEFE0009791B6 /* CustomNavBarPreferenceKeys.swift in Sources */,
				D99E801128FDF88F00B5714E /* VideoView.swift in Sources */,
				66BEB9FA28EE0E8A0091DB3F /* LoginView.swift in Sources */,
				D6273CFE29071BF5000C6684 /* ProfileView.swift in Sources */,
				D9C1FD7E2922BDD6008EEE29 /* Camera.swift in Sources */,
				66BEB9F828EE0E8A0091DB3F /* ArtUApp.swift in Sources */,
				D9C1FD882922BE19008EEE29 /* PhotoCollection.swift in Sources */,
				D6DC2E3329083AD7000EB504 /* LoaderView.swift in Sources */,
				D6BD00BA29099E9300CF2AF7 /* ShortTextField.swift in Sources */,
				D9C1FD862922BDFE008EEE29 /* PhotoAssetCollection.swift in Sources */,
				D9C1FD842922BDF3008EEE29 /* PhotoAsset.swift in Sources */,
				D9C1FD902922BEA1008EEE29 /* PhotoView.swift in Sources */,
				D9D3E817290CECE2009791B6 /* CustomNavBarView.swift in Sources */,
				D9D3E815290CEAD7009791B6 /* CustomNavBarContainerView.swift in Sources */,
				D9C1FD942922BEE9008EEE29 /* ViewfinderView.swift in Sources */,
				D9D3E813290CEA14009791B6 /* CustomNavView.swift in Sources */,
				D952DAF22919E8E60053F013 /* Category.swift in Sources */,
				D93F1A38292068FF005E141E /* DropdownSelector.swift in Sources */,
				D9C1FD7C2922BDC3008EEE29 /* CachedImageManager.swift in Sources */,
				D952DAEC29161CF20053F013 /* ModuleButtonStyle.swift in Sources */,
				D6DC2E2B29082C96000EB504 /* RegisterUser.swift in Sources */,
				D6DC2E3129083AA6000EB504 /* VisualEffectView.swift in Sources */,
			);
			runOnlyForDeploymentPostprocessing = 0;
		};
/* End PBXSourcesBuildPhase section */

/* Begin XCBuildConfiguration section */
		66BEBA0028EE0E8F0091DB3F /* Debug */ = {
			isa = XCBuildConfiguration;
			buildSettings = {
				ALWAYS_SEARCH_USER_PATHS = NO;
				CLANG_ANALYZER_NONNULL = YES;
				CLANG_ANALYZER_NUMBER_OBJECT_CONVERSION = YES_AGGRESSIVE;
				CLANG_CXX_LANGUAGE_STANDARD = "gnu++20";
				CLANG_ENABLE_MODULES = YES;
				CLANG_ENABLE_OBJC_ARC = YES;
				CLANG_ENABLE_OBJC_WEAK = YES;
				CLANG_WARN_BLOCK_CAPTURE_AUTORELEASING = YES;
				CLANG_WARN_BOOL_CONVERSION = YES;
				CLANG_WARN_COMMA = YES;
				CLANG_WARN_CONSTANT_CONVERSION = YES;
				CLANG_WARN_DEPRECATED_OBJC_IMPLEMENTATIONS = YES;
				CLANG_WARN_DIRECT_OBJC_ISA_USAGE = YES_ERROR;
				CLANG_WARN_DOCUMENTATION_COMMENTS = YES;
				CLANG_WARN_EMPTY_BODY = YES;
				CLANG_WARN_ENUM_CONVERSION = YES;
				CLANG_WARN_INFINITE_RECURSION = YES;
				CLANG_WARN_INT_CONVERSION = YES;
				CLANG_WARN_NON_LITERAL_NULL_CONVERSION = YES;
				CLANG_WARN_OBJC_IMPLICIT_RETAIN_SELF = YES;
				CLANG_WARN_OBJC_LITERAL_CONVERSION = YES;
				CLANG_WARN_OBJC_ROOT_CLASS = YES_ERROR;
				CLANG_WARN_QUOTED_INCLUDE_IN_FRAMEWORK_HEADER = YES;
				CLANG_WARN_RANGE_LOOP_ANALYSIS = YES;
				CLANG_WARN_STRICT_PROTOTYPES = YES;
				CLANG_WARN_SUSPICIOUS_MOVE = YES;
				CLANG_WARN_UNGUARDED_AVAILABILITY = YES_AGGRESSIVE;
				CLANG_WARN_UNREACHABLE_CODE = YES;
				CLANG_WARN__DUPLICATE_METHOD_MATCH = YES;
				COPY_PHASE_STRIP = NO;
				DEBUG_INFORMATION_FORMAT = dwarf;
				ENABLE_STRICT_OBJC_MSGSEND = YES;
				ENABLE_TESTABILITY = YES;
				GCC_C_LANGUAGE_STANDARD = gnu11;
				GCC_DYNAMIC_NO_PIC = NO;
				GCC_NO_COMMON_BLOCKS = YES;
				GCC_OPTIMIZATION_LEVEL = 0;
				GCC_PREPROCESSOR_DEFINITIONS = (
					"DEBUG=1",
					"$(inherited)",
				);
				GCC_WARN_64_TO_32_BIT_CONVERSION = YES;
				GCC_WARN_ABOUT_RETURN_TYPE = YES_ERROR;
				GCC_WARN_UNDECLARED_SELECTOR = YES;
				GCC_WARN_UNINITIALIZED_AUTOS = YES_AGGRESSIVE;
				GCC_WARN_UNUSED_FUNCTION = YES;
				GCC_WARN_UNUSED_VARIABLE = YES;
				IPHONEOS_DEPLOYMENT_TARGET = 16.0;
				MTL_ENABLE_DEBUG_INFO = INCLUDE_SOURCE;
				MTL_FAST_MATH = YES;
				ONLY_ACTIVE_ARCH = YES;
				SDKROOT = iphoneos;
				SWIFT_ACTIVE_COMPILATION_CONDITIONS = DEBUG;
				SWIFT_OPTIMIZATION_LEVEL = "-Onone";
			};
			name = Debug;
		};
		66BEBA0128EE0E8F0091DB3F /* Release */ = {
			isa = XCBuildConfiguration;
			buildSettings = {
				ALWAYS_SEARCH_USER_PATHS = NO;
				CLANG_ANALYZER_NONNULL = YES;
				CLANG_ANALYZER_NUMBER_OBJECT_CONVERSION = YES_AGGRESSIVE;
				CLANG_CXX_LANGUAGE_STANDARD = "gnu++20";
				CLANG_ENABLE_MODULES = YES;
				CLANG_ENABLE_OBJC_ARC = YES;
				CLANG_ENABLE_OBJC_WEAK = YES;
				CLANG_WARN_BLOCK_CAPTURE_AUTORELEASING = YES;
				CLANG_WARN_BOOL_CONVERSION = YES;
				CLANG_WARN_COMMA = YES;
				CLANG_WARN_CONSTANT_CONVERSION = YES;
				CLANG_WARN_DEPRECATED_OBJC_IMPLEMENTATIONS = YES;
				CLANG_WARN_DIRECT_OBJC_ISA_USAGE = YES_ERROR;
				CLANG_WARN_DOCUMENTATION_COMMENTS = YES;
				CLANG_WARN_EMPTY_BODY = YES;
				CLANG_WARN_ENUM_CONVERSION = YES;
				CLANG_WARN_INFINITE_RECURSION = YES;
				CLANG_WARN_INT_CONVERSION = YES;
				CLANG_WARN_NON_LITERAL_NULL_CONVERSION = YES;
				CLANG_WARN_OBJC_IMPLICIT_RETAIN_SELF = YES;
				CLANG_WARN_OBJC_LITERAL_CONVERSION = YES;
				CLANG_WARN_OBJC_ROOT_CLASS = YES_ERROR;
				CLANG_WARN_QUOTED_INCLUDE_IN_FRAMEWORK_HEADER = YES;
				CLANG_WARN_RANGE_LOOP_ANALYSIS = YES;
				CLANG_WARN_STRICT_PROTOTYPES = YES;
				CLANG_WARN_SUSPICIOUS_MOVE = YES;
				CLANG_WARN_UNGUARDED_AVAILABILITY = YES_AGGRESSIVE;
				CLANG_WARN_UNREACHABLE_CODE = YES;
				CLANG_WARN__DUPLICATE_METHOD_MATCH = YES;
				COPY_PHASE_STRIP = NO;
				DEBUG_INFORMATION_FORMAT = "dwarf-with-dsym";
				ENABLE_NS_ASSERTIONS = NO;
				ENABLE_STRICT_OBJC_MSGSEND = YES;
				GCC_C_LANGUAGE_STANDARD = gnu11;
				GCC_NO_COMMON_BLOCKS = YES;
				GCC_WARN_64_TO_32_BIT_CONVERSION = YES;
				GCC_WARN_ABOUT_RETURN_TYPE = YES_ERROR;
				GCC_WARN_UNDECLARED_SELECTOR = YES;
				GCC_WARN_UNINITIALIZED_AUTOS = YES_AGGRESSIVE;
				GCC_WARN_UNUSED_FUNCTION = YES;
				GCC_WARN_UNUSED_VARIABLE = YES;
				IPHONEOS_DEPLOYMENT_TARGET = 16.0;
				MTL_ENABLE_DEBUG_INFO = NO;
				MTL_FAST_MATH = YES;
				SDKROOT = iphoneos;
				SWIFT_COMPILATION_MODE = wholemodule;
				SWIFT_OPTIMIZATION_LEVEL = "-O";
				VALIDATE_PRODUCT = YES;
			};
			name = Release;
		};
		66BEBA0328EE0E8F0091DB3F /* Debug */ = {
			isa = XCBuildConfiguration;
			buildSettings = {
				ASSETCATALOG_COMPILER_APPICON_NAME = AppIcon;
				ASSETCATALOG_COMPILER_GLOBAL_ACCENT_COLOR_NAME = AccentColor;
				CODE_SIGN_STYLE = Automatic;
				CURRENT_PROJECT_VERSION = 1;
				DEVELOPMENT_ASSET_PATHS = "\"ArtU/Preview Content\"";
				DEVELOPMENT_TEAM = TC5WP4CR7L;
				ENABLE_PREVIEWS = YES;
				GENERATE_INFOPLIST_FILE = YES;
				INFOPLIST_KEY_UIApplicationSceneManifest_Generation = YES;
				INFOPLIST_KEY_UIApplicationSupportsIndirectInputEvents = YES;
				INFOPLIST_KEY_UILaunchScreen_Generation = YES;
				INFOPLIST_KEY_UILaunchStoryboardName = LaunchScreen.storyboard;
				INFOPLIST_KEY_UISupportedInterfaceOrientations = UIInterfaceOrientationPortrait;
				INFOPLIST_KEY_UISupportedInterfaceOrientations_iPad = "UIInterfaceOrientationLandscapeLeft UIInterfaceOrientationLandscapeRight UIInterfaceOrientationPortrait UIInterfaceOrientationPortraitUpsideDown";
				LD_RUNPATH_SEARCH_PATHS = (
					"$(inherited)",
					"@executable_path/Frameworks",
				);
				MARKETING_VERSION = 1.0;
				PRODUCT_BUNDLE_IDENTIFIER = "com.ArtU-express-yourself";
				PRODUCT_NAME = "$(TARGET_NAME)";
				SWIFT_EMIT_LOC_STRINGS = YES;
				SWIFT_VERSION = 5.0;
				TARGETED_DEVICE_FAMILY = "1,2";
			};
			name = Debug;
		};
		66BEBA0428EE0E8F0091DB3F /* Release */ = {
			isa = XCBuildConfiguration;
			buildSettings = {
				ASSETCATALOG_COMPILER_APPICON_NAME = AppIcon;
				ASSETCATALOG_COMPILER_GLOBAL_ACCENT_COLOR_NAME = AccentColor;
				CODE_SIGN_STYLE = Automatic;
				CURRENT_PROJECT_VERSION = 1;
				DEVELOPMENT_ASSET_PATHS = "\"ArtU/Preview Content\"";
				DEVELOPMENT_TEAM = TC5WP4CR7L;
				ENABLE_PREVIEWS = YES;
				GENERATE_INFOPLIST_FILE = YES;
				INFOPLIST_KEY_UIApplicationSceneManifest_Generation = YES;
				INFOPLIST_KEY_UIApplicationSupportsIndirectInputEvents = YES;
				INFOPLIST_KEY_UILaunchScreen_Generation = YES;
				INFOPLIST_KEY_UILaunchStoryboardName = LaunchScreen.storyboard;
				INFOPLIST_KEY_UISupportedInterfaceOrientations = UIInterfaceOrientationPortrait;
				INFOPLIST_KEY_UISupportedInterfaceOrientations_iPad = "UIInterfaceOrientationLandscapeLeft UIInterfaceOrientationLandscapeRight UIInterfaceOrientationPortrait UIInterfaceOrientationPortraitUpsideDown";
				LD_RUNPATH_SEARCH_PATHS = (
					"$(inherited)",
					"@executable_path/Frameworks",
				);
				MARKETING_VERSION = 1.0;
				PRODUCT_BUNDLE_IDENTIFIER = "com.ArtU-express-yourself";
				PRODUCT_NAME = "$(TARGET_NAME)";
				SWIFT_EMIT_LOC_STRINGS = YES;
				SWIFT_VERSION = 5.0;
				TARGETED_DEVICE_FAMILY = "1,2";
			};
			name = Release;
		};
/* End XCBuildConfiguration section */

/* Begin XCConfigurationList section */
		66BEB9EF28EE0E8A0091DB3F /* Build configuration list for PBXProject "ArtU" */ = {
			isa = XCConfigurationList;
			buildConfigurations = (
				66BEBA0028EE0E8F0091DB3F /* Debug */,
				66BEBA0128EE0E8F0091DB3F /* Release */,
			);
			defaultConfigurationIsVisible = 0;
			defaultConfigurationName = Release;
		};
		66BEBA0228EE0E8F0091DB3F /* Build configuration list for PBXNativeTarget "ArtU" */ = {
			isa = XCConfigurationList;
			buildConfigurations = (
				66BEBA0328EE0E8F0091DB3F /* Debug */,
				66BEBA0428EE0E8F0091DB3F /* Release */,
			);
			defaultConfigurationIsVisible = 0;
			defaultConfigurationName = Release;
		};
/* End XCConfigurationList section */
	};
	rootObject = 66BEB9EC28EE0E8A0091DB3F /* Project object */;
}
